// !$*UTF8*$!
{
	archiveVersion = 1;
	classes = {
	};
	objectVersion = 50;
	objects = {

/* Begin PBXBuildFile section */
		0B4B3A7126FF16D500F2138B /* Diamond.swift in Sources */ = {isa = PBXBuildFile; fileRef = 0B4B3A7026FF16D500F2138B /* Diamond.swift */; };
		0B4B3A7426FF3C3500F2138B /* Squiggle.swift in Sources */ = {isa = PBXBuildFile; fileRef = 0B4B3A7326FF3C3500F2138B /* Squiggle.swift */; };
		0B4B3A7626FF56BF00F2138B /* ShapeExtensions.swift in Sources */ = {isa = PBXBuildFile; fileRef = 0B4B3A7526FF56BF00F2138B /* ShapeExtensions.swift */; };
		0B4B3A7826FF574600F2138B /* StripedRect.swift in Sources */ = {isa = PBXBuildFile; fileRef = 0B4B3A7726FF574600F2138B /* StripedRect.swift */; };
		0B4B3A7E26FF96F800F2138B /* CardView.swift in Sources */ = {isa = PBXBuildFile; fileRef = 0B4B3A7D26FF96F800F2138B /* CardView.swift */; };
		0BA4D1C227360B41002A54BE /* SetTests.swift in Sources */ = {isa = PBXBuildFile; fileRef = 0BA4D1B927360264002A54BE /* SetTests.swift */; };
		0BBCB37226FB733F004571B5 /* SetApp.swift in Sources */ = {isa = PBXBuildFile; fileRef = 0BBCB37126FB733F004571B5 /* SetApp.swift */; };
		0BBCB37426FB733F004571B5 /* View.swift in Sources */ = {isa = PBXBuildFile; fileRef = 0BBCB37326FB733F004571B5 /* View.swift */; };
		0BBCB37626FB7343004571B5 /* Assets.xcassets in Resources */ = {isa = PBXBuildFile; fileRef = 0BBCB37526FB7343004571B5 /* Assets.xcassets */; };
		0BBCB37926FB7343004571B5 /* Preview Assets.xcassets in Resources */ = {isa = PBXBuildFile; fileRef = 0BBCB37826FB7343004571B5 /* Preview Assets.xcassets */; };
		0BBCB38326FB74A8004571B5 /* AspectVGrid.swift in Sources */ = {isa = PBXBuildFile; fileRef = 0BBCB38226FB74A8004571B5 /* AspectVGrid.swift */; };
		0BBCB38526FB75D4004571B5 /* Model.swift in Sources */ = {isa = PBXBuildFile; fileRef = 0BBCB38426FB75D4004571B5 /* Model.swift */; };
		0BBCB38B26FBA893004571B5 /* ViewModel.swift in Sources */ = {isa = PBXBuildFile; fileRef = 0BBCB38A26FBA893004571B5 /* ViewModel.swift */; };
/* End PBXBuildFile section */

/* Begin PBXContainerItemProxy section */
		0BA4D1BC27360264002A54BE /* PBXContainerItemProxy */ = {
			isa = PBXContainerItemProxy;
			containerPortal = 0BBCB36626FB733F004571B5 /* Project object */;
			proxyType = 1;
			remoteGlobalIDString = 0BBCB36D26FB733F004571B5;
			remoteInfo = Set;
		};
/* End PBXContainerItemProxy section */

/* Begin PBXFileReference section */
		0B4B3A7026FF16D500F2138B /* Diamond.swift */ = {isa = PBXFileReference; lastKnownFileType = sourcecode.swift; path = Diamond.swift; sourceTree = "<group>"; };
		0B4B3A7326FF3C3500F2138B /* Squiggle.swift */ = {isa = PBXFileReference; lastKnownFileType = sourcecode.swift; path = Squiggle.swift; sourceTree = "<group>"; };
		0B4B3A7526FF56BF00F2138B /* ShapeExtensions.swift */ = {isa = PBXFileReference; lastKnownFileType = sourcecode.swift; path = ShapeExtensions.swift; sourceTree = "<group>"; };
		0B4B3A7726FF574600F2138B /* StripedRect.swift */ = {isa = PBXFileReference; lastKnownFileType = sourcecode.swift; path = StripedRect.swift; sourceTree = "<group>"; };
		0B4B3A7D26FF96F800F2138B /* CardView.swift */ = {isa = PBXFileReference; lastKnownFileType = sourcecode.swift; path = CardView.swift; sourceTree = "<group>"; };
		0BA4D1B727360263002A54BE /* SetTests.xctest */ = {isa = PBXFileReference; explicitFileType = wrapper.cfbundle; includeInIndex = 0; path = SetTests.xctest; sourceTree = BUILT_PRODUCTS_DIR; };
		0BA4D1B927360264002A54BE /* SetTests.swift */ = {isa = PBXFileReference; lastKnownFileType = sourcecode.swift; path = SetTests.swift; sourceTree = "<group>"; usesTabs = 0; };
		0BA4D1BB27360264002A54BE /* Info.plist */ = {isa = PBXFileReference; lastKnownFileType = text.plist.xml; path = Info.plist; sourceTree = "<group>"; };
		0BBCB36E26FB733F004571B5 /* Set.app */ = {isa = PBXFileReference; explicitFileType = wrapper.application; includeInIndex = 0; path = Set.app; sourceTree = BUILT_PRODUCTS_DIR; };
		0BBCB37126FB733F004571B5 /* SetApp.swift */ = {isa = PBXFileReference; lastKnownFileType = sourcecode.swift; path = SetApp.swift; sourceTree = "<group>"; };
		0BBCB37326FB733F004571B5 /* View.swift */ = {isa = PBXFileReference; lastKnownFileType = sourcecode.swift; path = View.swift; sourceTree = "<group>"; };
		0BBCB37526FB7343004571B5 /* Assets.xcassets */ = {isa = PBXFileReference; lastKnownFileType = folder.assetcatalog; path = Assets.xcassets; sourceTree = "<group>"; };
		0BBCB37826FB7343004571B5 /* Preview Assets.xcassets */ = {isa = PBXFileReference; lastKnownFileType = folder.assetcatalog; path = "Preview Assets.xcassets"; sourceTree = "<group>"; };
		0BBCB37A26FB7343004571B5 /* Info.plist */ = {isa = PBXFileReference; lastKnownFileType = text.plist.xml; path = Info.plist; sourceTree = "<group>"; };
		0BBCB38226FB74A8004571B5 /* AspectVGrid.swift */ = {isa = PBXFileReference; lastKnownFileType = sourcecode.swift; path = AspectVGrid.swift; sourceTree = "<group>"; };
		0BBCB38426FB75D4004571B5 /* Model.swift */ = {isa = PBXFileReference; lastKnownFileType = sourcecode.swift; path = Model.swift; sourceTree = "<group>"; };
		0BBCB38A26FBA893004571B5 /* ViewModel.swift */ = {isa = PBXFileReference; lastKnownFileType = sourcecode.swift; path = ViewModel.swift; sourceTree = "<group>"; };
/* End PBXFileReference section */

/* Begin PBXFrameworksBuildPhase section */
		0BA4D1B427360263002A54BE /* Frameworks */ = {
			isa = PBXFrameworksBuildPhase;
			buildActionMask = 2147483647;
			files = (
			);
			runOnlyForDeploymentPostprocessing = 0;
		};
		0BBCB36B26FB733F004571B5 /* Frameworks */ = {
			isa = PBXFrameworksBuildPhase;
			buildActionMask = 2147483647;
			files = (
			);
			runOnlyForDeploymentPostprocessing = 0;
		};
/* End PBXFrameworksBuildPhase section */

/* Begin PBXGroup section */
		0B4B3A7226FF3AE600F2138B /* Shape */ = {
			isa = PBXGroup;
			children = (
				0B4B3A7026FF16D500F2138B /* Diamond.swift */,
				0B4B3A7326FF3C3500F2138B /* Squiggle.swift */,
				0B4B3A7526FF56BF00F2138B /* ShapeExtensions.swift */,
				0B4B3A7726FF574600F2138B /* StripedRect.swift */,
			);
			path = Shape;
			sourceTree = "<group>";
		};
		0B4B3A7926FF57CF00F2138B /* View */ = {
			isa = PBXGroup;
			children = (
				0BBCB37326FB733F004571B5 /* View.swift */,
				0B4B3A7D26FF96F800F2138B /* CardView.swift */,
				0B4B3A7226FF3AE600F2138B /* Shape */,
			);
			path = View;
			sourceTree = "<group>";
		};
		0B4B3A7A26FF57D600F2138B /* ViewModel */ = {
			isa = PBXGroup;
			children = (
				0BBCB38A26FBA893004571B5 /* ViewModel.swift */,
			);
			path = ViewModel;
			sourceTree = "<group>";
		};
		0B4B3A7B26FF57DE00F2138B /* Model */ = {
			isa = PBXGroup;
			children = (
				0BBCB38426FB75D4004571B5 /* Model.swift */,
			);
			path = Model;
			sourceTree = "<group>";
		};
		0B4B3A7C26FF58BC00F2138B /* Helper */ = {
			isa = PBXGroup;
			children = (
				0BBCB38226FB74A8004571B5 /* AspectVGrid.swift */,
			);
			path = Helper;
			sourceTree = "<group>";
		};
		0BA4D1B827360264002A54BE /* SetTests */ = {
			isa = PBXGroup;
			children = (
				0BA4D1B927360264002A54BE /* SetTests.swift */,
				0BA4D1BB27360264002A54BE /* Info.plist */,
			);
			path = SetTests;
			sourceTree = "<group>";
		};
		0BBCB36526FB733F004571B5 = {
			isa = PBXGroup;
			children = (
				0BBCB37026FB733F004571B5 /* Set */,
				0BA4D1B827360264002A54BE /* SetTests */,
				0BBCB36F26FB733F004571B5 /* Products */,
			);
			sourceTree = "<group>";
		};
		0BBCB36F26FB733F004571B5 /* Products */ = {
			isa = PBXGroup;
			children = (
				0BBCB36E26FB733F004571B5 /* Set.app */,
				0BA4D1B727360263002A54BE /* SetTests.xctest */,
			);
			name = Products;
			sourceTree = "<group>";
		};
		0BBCB37026FB733F004571B5 /* Set */ = {
			isa = PBXGroup;
			children = (
				0BBCB37126FB733F004571B5 /* SetApp.swift */,
				0B4B3A7C26FF58BC00F2138B /* Helper */,
				0B4B3A7B26FF57DE00F2138B /* Model */,
				0B4B3A7926FF57CF00F2138B /* View */,
				0B4B3A7A26FF57D600F2138B /* ViewModel */,
				0BBCB37526FB7343004571B5 /* Assets.xcassets */,
				0BBCB37A26FB7343004571B5 /* Info.plist */,
				0BBCB37726FB7343004571B5 /* Preview Content */,
			);
			path = Set;
			sourceTree = "<group>";
		};
		0BBCB37726FB7343004571B5 /* Preview Content */ = {
			isa = PBXGroup;
			children = (
				0BBCB37826FB7343004571B5 /* Preview Assets.xcassets */,
			);
			path = "Preview Content";
			sourceTree = "<group>";
		};
/* End PBXGroup section */

/* Begin PBXNativeTarget section */
		0BA4D1B627360263002A54BE /* SetTests */ = {
			isa = PBXNativeTarget;
			buildConfigurationList = 0BA4D1C027360264002A54BE /* Build configuration list for PBXNativeTarget "SetTests" */;
			buildPhases = (
				0BA4D1B327360263002A54BE /* Sources */,
				0BA4D1B427360263002A54BE /* Frameworks */,
				0BA4D1B527360263002A54BE /* Resources */,
			);
			buildRules = (
			);
			dependencies = (
				0BA4D1BD27360264002A54BE /* PBXTargetDependency */,
			);
			name = SetTests;
			productName = SetTests;
			productReference = 0BA4D1B727360263002A54BE /* SetTests.xctest */;
			productType = "com.apple.product-type.bundle.unit-test";
		};
		0BBCB36D26FB733F004571B5 /* Set */ = {
			isa = PBXNativeTarget;
			buildConfigurationList = 0BBCB37D26FB7343004571B5 /* Build configuration list for PBXNativeTarget "Set" */;
			buildPhases = (
				0BBCB36A26FB733F004571B5 /* Sources */,
				0BBCB36B26FB733F004571B5 /* Frameworks */,
				0BBCB36C26FB733F004571B5 /* Resources */,
			);
			buildRules = (
			);
			dependencies = (
			);
			name = Set;
			productName = Set;
			productReference = 0BBCB36E26FB733F004571B5 /* Set.app */;
			productType = "com.apple.product-type.application";
		};
/* End PBXNativeTarget section */

/* Begin PBXProject section */
		0BBCB36626FB733F004571B5 /* Project object */ = {
			isa = PBXProject;
			attributes = {
				LastSwiftUpdateCheck = 1250;
				LastUpgradeCheck = 1250;
				TargetAttributes = {
					0BA4D1B627360263002A54BE = {
						CreatedOnToolsVersion = 12.5;
						TestTargetID = 0BBCB36D26FB733F004571B5;
					};
					0BBCB36D26FB733F004571B5 = {
						CreatedOnToolsVersion = 12.5;
					};
				};
			};
			buildConfigurationList = 0BBCB36926FB733F004571B5 /* Build configuration list for PBXProject "Set" */;
			compatibilityVersion = "Xcode 9.3";
			developmentRegion = en;
			hasScannedForEncodings = 0;
			knownRegions = (
				en,
				Base,
			);
			mainGroup = 0BBCB36526FB733F004571B5;
			productRefGroup = 0BBCB36F26FB733F004571B5 /* Products */;
			projectDirPath = "";
			projectRoot = "";
			targets = (
				0BBCB36D26FB733F004571B5 /* Set */,
				0BA4D1B627360263002A54BE /* SetTests */,
			);
		};
/* End PBXProject section */

/* Begin PBXResourcesBuildPhase section */
		0BA4D1B527360263002A54BE /* Resources */ = {
			isa = PBXResourcesBuildPhase;
			buildActionMask = 2147483647;
			files = (
			);
			runOnlyForDeploymentPostprocessing = 0;
		};
		0BBCB36C26FB733F004571B5 /* Resources */ = {
			isa = PBXResourcesBuildPhase;
			buildActionMask = 2147483647;
			files = (
				0BBCB37926FB7343004571B5 /* Preview Assets.xcassets in Resources */,
				0BBCB37626FB7343004571B5 /* Assets.xcassets in Resources */,
			);
			runOnlyForDeploymentPostprocessing = 0;
		};
/* End PBXResourcesBuildPhase section */

/* Begin PBXSourcesBuildPhase section */
		0BA4D1B327360263002A54BE /* Sources */ = {
			isa = PBXSourcesBuildPhase;
			buildActionMask = 2147483647;
			files = (
				0BA4D1C227360B41002A54BE /* SetTests.swift in Sources */,
			);
			runOnlyForDeploymentPostprocessing = 0;
		};
		0BBCB36A26FB733F004571B5 /* Sources */ = {
			isa = PBXSourcesBuildPhase;
			buildActionMask = 2147483647;
			files = (
				0B4B3A7126FF16D500F2138B /* Diamond.swift in Sources */,
				0B4B3A7626FF56BF00F2138B /* ShapeExtensions.swift in Sources */,
				0B4B3A7426FF3C3500F2138B /* Squiggle.swift in Sources */,
				0BBCB38B26FBA893004571B5 /* ViewModel.swift in Sources */,
				0B4B3A7E26FF96F800F2138B /* CardView.swift in Sources */,
				0B4B3A7826FF574600F2138B /* StripedRect.swift in Sources */,
				0BBCB37426FB733F004571B5 /* View.swift in Sources */,
				0BBCB37226FB733F004571B5 /* SetApp.swift in Sources */,
				0BBCB38526FB75D4004571B5 /* Model.swift in Sources */,
				0BBCB38326FB74A8004571B5 /* AspectVGrid.swift in Sources */,
			);
			runOnlyForDeploymentPostprocessing = 0;
		};
/* End PBXSourcesBuildPhase section */

/* Begin PBXTargetDependency section */
		0BA4D1BD27360264002A54BE /* PBXTargetDependency */ = {
			isa = PBXTargetDependency;
			target = 0BBCB36D26FB733F004571B5 /* Set */;
			targetProxy = 0BA4D1BC27360264002A54BE /* PBXContainerItemProxy */;
		};
/* End PBXTargetDependency section */

/* Begin XCBuildConfiguration section */
		0BA4D1BE27360264002A54BE /* Debug */ = {
			isa = XCBuildConfiguration;
			buildSettings = {
				BUNDLE_LOADER = "$(TEST_HOST)";
				CODE_SIGN_STYLE = Automatic;
				DEVELOPMENT_TEAM = X36XBZ33MM;
				INFOPLIST_FILE = SetTests/Info.plist;
				LD_RUNPATH_SEARCH_PATHS = (
					"$(inherited)",
					"@executable_path/Frameworks",
					"@loader_path/Frameworks",
				);
				PRODUCT_BUNDLE_IDENTIFIER = "Gabriel-Haugbol.SetTests";
				PRODUCT_NAME = "$(TARGET_NAME)";
				STRIP_INSTALLED_PRODUCT = YES;
				SWIFT_VERSION = 5.0;
				TARGETED_DEVICE_FAMILY = "1,2";
				TEST_HOST = "$(BUILT_PRODUCTS_DIR)/Set.app/Set";
			};
			name = Debug;
		};
		0BA4D1BF27360264002A54BE /* Release */ = {
			isa = XCBuildConfiguration;
			buildSettings = {
				BUNDLE_LOADER = "$(TEST_HOST)";
				CODE_SIGN_STYLE = Automatic;
				DEVELOPMENT_TEAM = X36XBZ33MM;
				INFOPLIST_FILE = SetTests/Info.plist;
				LD_RUNPATH_SEARCH_PATHS = (
					"$(inherited)",
					"@executable_path/Frameworks",
					"@loader_path/Frameworks",
				);
				PRODUCT_BUNDLE_IDENTIFIER = "Gabriel-Haugbol.SetTests";
				PRODUCT_NAME = "$(TARGET_NAME)";
				STRIP_INSTALLED_PRODUCT = YES;
				SWIFT_VERSION = 5.0;
				TARGETED_DEVICE_FAMILY = "1,2";
				TEST_HOST = "$(BUILT_PRODUCTS_DIR)/Set.app/Set";
			};
			name = Release;
		};
		0BBCB37B26FB7343004571B5 /* Debug */ = {
			isa = XCBuildConfiguration;
			buildSettings = {
				ALWAYS_SEARCH_USER_PATHS = NO;
				CLANG_ANALYZER_NONNULL = YES;
				CLANG_ANALYZER_NUMBER_OBJECT_CONVERSION = YES_AGGRESSIVE;
				CLANG_CXX_LANGUAGE_STANDARD = "gnu++14";
				CLANG_CXX_LIBRARY = "libc++";
				CLANG_ENABLE_MODULES = YES;
				CLANG_ENABLE_OBJC_ARC = YES;
				CLANG_ENABLE_OBJC_WEAK = YES;
				CLANG_WARN_BLOCK_CAPTURE_AUTORELEASING = YES;
				CLANG_WARN_BOOL_CONVERSION = YES;
				CLANG_WARN_COMMA = YES;
				CLANG_WARN_CONSTANT_CONVERSION = YES;
				CLANG_WARN_DEPRECATED_OBJC_IMPLEMENTATIONS = YES;
				CLANG_WARN_DIRECT_OBJC_ISA_USAGE = YES_ERROR;
				CLANG_WARN_DOCUMENTATION_COMMENTS = YES;
				CLANG_WARN_EMPTY_BODY = YES;
				CLANG_WARN_ENUM_CONVERSION = YES;
				CLANG_WARN_INFINITE_RECURSION = YES;
				CLANG_WARN_INT_CONVERSION = YES;
				CLANG_WARN_NON_LITERAL_NULL_CONVERSION = YES;
				CLANG_WARN_OBJC_IMPLICIT_RETAIN_SELF = YES;
				CLANG_WARN_OBJC_LITERAL_CONVERSION = YES;
				CLANG_WARN_OBJC_ROOT_CLASS = YES_ERROR;
				CLANG_WARN_QUOTED_INCLUDE_IN_FRAMEWORK_HEADER = YES;
				CLANG_WARN_RANGE_LOOP_ANALYSIS = YES;
				CLANG_WARN_STRICT_PROTOTYPES = YES;
				CLANG_WARN_SUSPICIOUS_MOVE = YES;
				CLANG_WARN_UNGUARDED_AVAILABILITY = YES_AGGRESSIVE;
				CLANG_WARN_UNREACHABLE_CODE = YES;
				CLANG_WARN__DUPLICATE_METHOD_MATCH = YES;
				COPY_PHASE_STRIP = NO;
				DEBUG_INFORMATION_FORMAT = dwarf;
				ENABLE_STRICT_OBJC_MSGSEND = YES;
				ENABLE_TESTABILITY = YES;
				GCC_C_LANGUAGE_STANDARD = gnu11;
				GCC_DYNAMIC_NO_PIC = NO;
				GCC_NO_COMMON_BLOCKS = YES;
				GCC_OPTIMIZATION_LEVEL = 0;
				GCC_PREPROCESSOR_DEFINITIONS = (
					"DEBUG=1",
					"$(inherited)",
				);
				GCC_WARN_64_TO_32_BIT_CONVERSION = YES;
				GCC_WARN_ABOUT_RETURN_TYPE = YES_ERROR;
				GCC_WARN_UNDECLARED_SELECTOR = YES;
				GCC_WARN_UNINITIALIZED_AUTOS = YES_AGGRESSIVE;
				GCC_WARN_UNUSED_FUNCTION = YES;
				GCC_WARN_UNUSED_VARIABLE = YES;
				IPHONEOS_DEPLOYMENT_TARGET = 14.5;
				MTL_ENABLE_DEBUG_INFO = INCLUDE_SOURCE;
				MTL_FAST_MATH = YES;
				ONLY_ACTIVE_ARCH = YES;
				SDKROOT = iphoneos;
				SWIFT_ACTIVE_COMPILATION_CONDITIONS = DEBUG;
				SWIFT_OPTIMIZATION_LEVEL = "-Onone";
			};
			name = Debug;
		};
		0BBCB37C26FB7343004571B5 /* Release */ = {
			isa = XCBuildConfiguration;
			buildSettings = {
				ALWAYS_SEARCH_USER_PATHS = NO;
				CLANG_ANALYZER_NONNULL = YES;
				CLANG_ANALYZER_NUMBER_OBJECT_CONVERSION = YES_AGGRESSIVE;
				CLANG_CXX_LANGUAGE_STANDARD = "gnu++14";
				CLANG_CXX_LIBRARY = "libc++";
				CLANG_ENABLE_MODULES = YES;
				CLANG_ENABLE_OBJC_ARC = YES;
				CLANG_ENABLE_OBJC_WEAK = YES;
				CLANG_WARN_BLOCK_CAPTURE_AUTORELEASING = YES;
				CLANG_WARN_BOOL_CONVERSION = YES;
				CLANG_WARN_COMMA = YES;
				CLANG_WARN_CONSTANT_CONVERSION = YES;
				CLANG_WARN_DEPRECATED_OBJC_IMPLEMENTATIONS = YES;
				CLANG_WARN_DIRECT_OBJC_ISA_USAGE = YES_ERROR;
				CLANG_WARN_DOCUMENTATION_COMMENTS = YES;
				CLANG_WARN_EMPTY_BODY = YES;
				CLANG_WARN_ENUM_CONVERSION = YES;
				CLANG_WARN_INFINITE_RECURSION = YES;
				CLANG_WARN_INT_CONVERSION = YES;
				CLANG_WARN_NON_LITERAL_NULL_CONVERSION = YES;
				CLANG_WARN_OBJC_IMPLICIT_RETAIN_SELF = YES;
				CLANG_WARN_OBJC_LITERAL_CONVERSION = YES;
				CLANG_WARN_OBJC_ROOT_CLASS = YES_ERROR;
				CLANG_WARN_QUOTED_INCLUDE_IN_FRAMEWORK_HEADER = YES;
				CLANG_WARN_RANGE_LOOP_ANALYSIS = YES;
				CLANG_WARN_STRICT_PROTOTYPES = YES;
				CLANG_WARN_SUSPICIOUS_MOVE = YES;
				CLANG_WARN_UNGUARDED_AVAILABILITY = YES_AGGRESSIVE;
				CLANG_WARN_UNREACHABLE_CODE = YES;
				CLANG_WARN__DUPLICATE_METHOD_MATCH = YES;
				COPY_PHASE_STRIP = NO;
				DEBUG_INFORMATION_FORMAT = "dwarf-with-dsym";
				ENABLE_NS_ASSERTIONS = NO;
				ENABLE_STRICT_OBJC_MSGSEND = YES;
				GCC_C_LANGUAGE_STANDARD = gnu11;
				GCC_NO_COMMON_BLOCKS = YES;
				GCC_WARN_64_TO_32_BIT_CONVERSION = YES;
				GCC_WARN_ABOUT_RETURN_TYPE = YES_ERROR;
				GCC_WARN_UNDECLARED_SELECTOR = YES;
				GCC_WARN_UNINITIALIZED_AUTOS = YES_AGGRESSIVE;
				GCC_WARN_UNUSED_FUNCTION = YES;
				GCC_WARN_UNUSED_VARIABLE = YES;
				IPHONEOS_DEPLOYMENT_TARGET = 14.5;
				MTL_ENABLE_DEBUG_INFO = NO;
				MTL_FAST_MATH = YES;
				SDKROOT = iphoneos;
				SWIFT_COMPILATION_MODE = wholemodule;
				SWIFT_OPTIMIZATION_LEVEL = "-O";
				VALIDATE_PRODUCT = YES;
			};
			name = Release;
		};
		0BBCB37E26FB7343004571B5 /* Debug */ = {
			isa = XCBuildConfiguration;
			buildSettings = {
				ASSETCATALOG_COMPILER_APPICON_NAME = AppIcon;
				ASSETCATALOG_COMPILER_GLOBAL_ACCENT_COLOR_NAME = AccentColor;
				CODE_SIGN_STYLE = Automatic;
				DEVELOPMENT_ASSET_PATHS = "\"Set/Preview Content\"";
				DEVELOPMENT_TEAM = X36XBZ33MM;
				ENABLE_PREVIEWS = YES;
				INFOPLIST_FILE = Set/Info.plist;
				IPHONEOS_DEPLOYMENT_TARGET = 14.0;
				LD_RUNPATH_SEARCH_PATHS = (
					"$(inherited)",
					"@executable_path/Frameworks",
				);
				PRODUCT_BUNDLE_IDENTIFIER = "Gabriel-Haugbol.Set";
				PRODUCT_NAME = "$(TARGET_NAME)";
				SWIFT_VERSION = 5.0;
				TARGETED_DEVICE_FAMILY = "1,2";
			};
			name = Debug;
		};
		0BBCB37F26FB7343004571B5 /* Release */ = {
			isa = XCBuildConfiguration;
			buildSettings = {
				ASSETCATALOG_COMPILER_APPICON_NAME = AppIcon;
				ASSETCATALOG_COMPILER_GLOBAL_ACCENT_COLOR_NAME = AccentColor;
				CODE_SIGN_STYLE = Automatic;
				DEVELOPMENT_ASSET_PATHS = "\"Set/Preview Content\"";
				DEVELOPMENT_TEAM = X36XBZ33MM;
				ENABLE_PREVIEWS = YES;
				INFOPLIST_FILE = Set/Info.plist;
				IPHONEOS_DEPLOYMENT_TARGET = 14.0;
				LD_RUNPATH_SEARCH_PATHS = (
					"$(inherited)",
					"@executable_path/Frameworks",
				);
				PRODUCT_BUNDLE_IDENTIFIER = "Gabriel-Haugbol.Set";
				PRODUCT_NAME = "$(TARGET_NAME)";
				SWIFT_VERSION = 5.0;
				TARGETED_DEVICE_FAMILY = "1,2";
			};
			name = Release;
		};
/* End XCBuildConfiguration section */

/* Begin XCConfigurationList section */
		0BA4D1C027360264002A54BE /* Build configuration list for PBXNativeTarget "SetTests" */ = {
			isa = XCConfigurationList;
			buildConfigurations = (
				0BA4D1BE27360264002A54BE /* Debug */,
				0BA4D1BF27360264002A54BE /* Release */,
			);
			defaultConfigurationIsVisible = 0;
			defaultConfigurationName = Release;
		};
		0BBCB36926FB733F004571B5 /* Build configuration list for PBXProject "Set" */ = {
			isa = XCConfigurationList;
			buildConfigurations = (
				0BBCB37B26FB7343004571B5 /* Debug */,
				0BBCB37C26FB7343004571B5 /* Release */,
			);
			defaultConfigurationIsVisible = 0;
			defaultConfigurationName = Release;
		};
		0BBCB37D26FB7343004571B5 /* Build configuration list for PBXNativeTarget "Set" */ = {
			isa = XCConfigurationList;
			buildConfigurations = (
				0BBCB37E26FB7343004571B5 /* Debug */,
				0BBCB37F26FB7343004571B5 /* Release */,
			);
			defaultConfigurationIsVisible = 0;
			defaultConfigurationName = Release;
		};
/* End XCConfigurationList section */
	};
	rootObject = 0BBCB36626FB733F004571B5 /* Project object */;
}
